
Microsoft Visual Studio Solution File, Format Version 12.00
# Visual Studio 15
Project("{FAE04EC0-301F-11D3-BF4B-00C04F79EFBC}") = "Unity.ML-Agents", "Unity.ML-Agents.csproj", "{AAE7B1D4-E269-EAE4-2C36-00DC3F3AA359}"
EndProject
Project("{FAE04EC0-301F-11D3-BF4B-00C04F79EFBC}") = "Unity.ML-Agents.CommunicatorObjects", "Unity.ML-Agents.CommunicatorObjects.csproj", "{421351BC-12A2-B610-ECA5-564EA606BCF6}"
EndProject
Project("{FAE04EC0-301F-11D3-BF4B-00C04F79EFBC}") = "Assembly-CSharp", "Assembly-CSharp.csproj", "{45C88475-E485-A286-1667-D4C75EF7E982}"
EndProject
Project("{FAE04EC0-301F-11D3-BF4B-00C04F79EFBC}") = "Unity.ML-Agents.Editor", "Unity.ML-Agents.Editor.csproj", "{D3543969-EDC2-B25F-13E1-379876E2C70E}"
EndProject
Global
	GlobalSection(SolutionConfigurationPlatforms) = preSolution
		Debug|Any CPU = Debug|Any CPU
		Release|Any CPU = Release|Any CPU
	EndGlobalSection
	GlobalSection(ProjectConfigurationPlatforms) = postSolution
		{AAE7B1D4-E269-EAE4-2C36-00DC3F3AA359}.Debug|Any CPU.ActiveCfg = Debug|Any CPU
		{AAE7B1D4-E269-EAE4-2C36-00DC3F3AA359}.Debug|Any CPU.Build.0 = Debug|Any CPU
		{AAE7B1D4-E269-EAE4-2C36-00DC3F3AA359}.Release|Any CPU.ActiveCfg = Release|Any CPU
		{AAE7B1D4-E269-EAE4-2C36-00DC3F3AA359}.Release|Any CPU.Build.0 = Release|Any CPU
		{421351BC-12A2-B610-ECA5-564EA606BCF6}.Debug|Any CPU.ActiveCfg = Debug|Any CPU
		{421351BC-12A2-B610-ECA5-564EA606BCF6}.Debug|Any CPU.Build.0 = Debug|Any CPU
		{421351BC-12A2-B610-ECA5-564EA606BCF6}.Release|Any CPU.ActiveCfg = Release|Any CPU
		{421351BC-12A2-B610-ECA5-564EA606BCF6}.Release|Any CPU.Build.0 = Release|Any CPU
		{45C88475-E485-A286-1667-D4C75EF7E982}.Debug|Any CPU.ActiveCfg = Debug|Any CPU
		{45C88475-E485-A286-1667-D4C75EF7E982}.Debug|Any CPU.Build.0 = Debug|Any CPU
		{45C88475-E485-A286-1667-D4C75EF7E982}.Release|Any CPU.ActiveCfg = Release|Any CPU
		{45C88475-E485-A286-1667-D4C75EF7E982}.Release|Any CPU.Build.0 = Release|Any CPU
		{D3543969-EDC2-B25F-13E1-379876E2C70E}.Debug|Any CPU.ActiveCfg = Debug|Any CPU
		{D3543969-EDC2-B25F-13E1-379876E2C70E}.Debug|Any CPU.Build.0 = Debug|Any CPU
		{D3543969-EDC2-B25F-13E1-379876E2C70E}.Release|Any CPU.ActiveCfg = Release|Any CPU
		{D3543969-EDC2-B25F-13E1-379876E2C70E}.Release|Any CPU.Build.0 = Release|Any CPU
	EndGlobalSection
	GlobalSection(SolutionProperties) = preSolution
		HideSolutionNode = FALSE
	EndGlobalSection
EndGlobal
